PODS:
  - AFNetworking (3.2.1):
    - AFNetworking/NSURLSession (= 3.2.1)
    - AFNetworking/Reachability (= 3.2.1)
    - AFNetworking/Security (= 3.2.1)
    - AFNetworking/Serialization (= 3.2.1)
    - AFNetworking/UIKit (= 3.2.1)
  - AFNetworking/NSURLSession (3.2.1):
    - AFNetworking/Reachability
    - AFNetworking/Security
    - AFNetworking/Serialization
  - AFNetworking/Reachability (3.2.1)
  - AFNetworking/Security (3.2.1)
  - AFNetworking/Serialization (3.2.1)
  - AFNetworking/UIKit (3.2.1):
    - AFNetworking/NSURLSession
  - Bolts/Tasks (1.9.1)
  - OAuth2-ObjC (0.1.0):
    - AFNetworking (~> 3.1)
    - STKWebKitViewController (~> 0.5)
  - Parse (1.19.3):
    - Parse/Core (= 1.19.3)
  - Parse/Core (1.19.3):
    - Bolts/Tasks (= 1.9.1)
  - SkyFloatingLabelTextField (4.0.0)
  - STKWebKitViewController (0.5.0)

DEPENDENCIES:
  - AFNetworking
  - OAuth2-ObjC
  - Parse
  - SkyFloatingLabelTextField

SPEC REPOS:
  trunk:
    - AFNetworking
    - Bolts
    - OAuth2-ObjC
    - Parse
    - SkyFloatingLabelTextField
    - STKWebKitViewController

SPEC CHECKSUMS:
  AFNetworking: b6f891fdfaed196b46c7a83cf209e09697b94057
  Bolts: 8c1e8aab2f603387b8b9924f57d1d64f43d3ffdc
  OAuth2-ObjC: eb06fef2d282ea4b6f9b9b8ce779f165a1fe4783
  Parse: 0abb63a0ff6fa34a3f64b81d595a294e2ece143a
  SkyFloatingLabelTextField: 79ddc40e4ad59707fedbb48d605417aee48bb78a
  STKWebKitViewController: 1371f39e5f697de11aa091064eeed6eb515a2511

PODFILE CHECKSUM: c1fec38156cc1e014bdee7da68d756956324907e

COCOAPODS: 1.11.3
