// !$*UTF8*$!
{
	archiveVersion = 1;
	classes = {
	};
	objectVersion = 55;
	objects = {

/* Begin PBXBuildFile section */
		0417B56A2874B75F001D6B04 /* AppDelegate.m in Sources */ = {isa = PBXBuildFile; fileRef = 0417B5692874B75F001D6B04 /* AppDelegate.m */; };
		0417B56D2874B75F001D6B04 /* SceneDelegate.m in Sources */ = {isa = PBXBuildFile; fileRef = 0417B56C2874B75F001D6B04 /* SceneDelegate.m */; };
		0417B5732874B75F001D6B04 /* Main.storyboard in Resources */ = {isa = PBXBuildFile; fileRef = 0417B5712874B75F001D6B04 /* Main.storyboard */; };
		0417B5752874B761001D6B04 /* Assets.xcassets in Resources */ = {isa = PBXBuildFile; fileRef = 0417B5742874B761001D6B04 /* Assets.xcassets */; };
		0417B5782874B761001D6B04 /* LaunchScreen.storyboard in Resources */ = {isa = PBXBuildFile; fileRef = 0417B5762874B761001D6B04 /* LaunchScreen.storyboard */; };
		0417B57B2874B761001D6B04 /* main.m in Sources */ = {isa = PBXBuildFile; fileRef = 0417B57A2874B761001D6B04 /* main.m */; };
		0417B5852874B762001D6B04 /* SoundroomTests.m in Sources */ = {isa = PBXBuildFile; fileRef = 0417B5842874B762001D6B04 /* SoundroomTests.m */; };
		0417B58F2874B762001D6B04 /* SoundroomUITests.m in Sources */ = {isa = PBXBuildFile; fileRef = 0417B58E2874B762001D6B04 /* SoundroomUITests.m */; };
		0417B5912874B762001D6B04 /* SoundroomUITestsLaunchTests.m in Sources */ = {isa = PBXBuildFile; fileRef = 0417B5902874B762001D6B04 /* SoundroomUITestsLaunchTests.m */; };
		0417B5A52874CED2001D6B04 /* ProfileViewController.m in Sources */ = {isa = PBXBuildFile; fileRef = 0417B5A42874CED2001D6B04 /* ProfileViewController.m */; };
		0417B5AB2874D394001D6B04 /* SearchViewController.m in Sources */ = {isa = PBXBuildFile; fileRef = 0417B5AA2874D394001D6B04 /* SearchViewController.m */; };
		0417B5B12874E0B6001D6B04 /* RoomViewController.m in Sources */ = {isa = PBXBuildFile; fileRef = 0417B5B02874E0B6001D6B04 /* RoomViewController.m */; };
		0417B5B72874E377001D6B04 /* Song.m in Sources */ = {isa = PBXBuildFile; fileRef = 0417B5B62874E377001D6B04 /* Song.m */; };
		0417B5C32874E4D7001D6B04 /* Room.m in Sources */ = {isa = PBXBuildFile; fileRef = 0417B5C22874E4D7001D6B04 /* Room.m */; };
		0417B5C62874F5D6001D6B04 /* SongCell.m in Sources */ = {isa = PBXBuildFile; fileRef = 0417B5C52874F5D6001D6B04 /* SongCell.m */; };
		0417B5C92874F5F2001D6B04 /* RoomCell.m in Sources */ = {isa = PBXBuildFile; fileRef = 0417B5C82874F5F2001D6B04 /* RoomCell.m */; };
		0417B5CC2874F6E6001D6B04 /* QueueSong.m in Sources */ = {isa = PBXBuildFile; fileRef = 0417B5CB2874F6E6001D6B04 /* QueueSong.m */; };
		0422998E287D2FA70086612E /* LobbyViewController.m in Sources */ = {isa = PBXBuildFile; fileRef = 0422998D287D2FA70086612E /* LobbyViewController.m */; };
		04229991287D2FAF0086612E /* ConfigureViewController.m in Sources */ = {isa = PBXBuildFile; fileRef = 04229990287D2FAF0086612E /* ConfigureViewController.m */; };
		04229997287DDB5C0086612E /* ParseUserManager.m in Sources */ = {isa = PBXBuildFile; fileRef = 04229996287DDB5C0086612E /* ParseUserManager.m */; };
		0422999A287DE1270086612E /* RoomManager.m in Sources */ = {isa = PBXBuildFile; fileRef = 04229999287DE1270086612E /* RoomManager.m */; };
		042299AB287E86630086612E /* ConfigureView.m in Sources */ = {isa = PBXBuildFile; fileRef = 042299AA287E86630086612E /* ConfigureView.m */; };
		042299BD288092C40086612E /* RoomNavigationController.m in Sources */ = {isa = PBXBuildFile; fileRef = 042299BC288092C40086612E /* RoomNavigationController.m */; };
		042D626D28876A81005DE8E7 /* Vote.m in Sources */ = {isa = PBXBuildFile; fileRef = 042D626C28876A81005DE8E7 /* Vote.m */; };
		042D627328876ACC005DE8E7 /* Invitation.m in Sources */ = {isa = PBXBuildFile; fileRef = 042D627228876ACC005DE8E7 /* Invitation.m */; };
		042D6279288797D3005DE8E7 /* QueueManager.m in Sources */ = {isa = PBXBuildFile; fileRef = 042D6278288797D3005DE8E7 /* QueueManager.m */; };
		04785C8028813094001AF277 /* AccountView.m in Sources */ = {isa = PBXBuildFile; fileRef = 04785C7F28813094001AF277 /* AccountView.m */; };
		04785C8C2886198F001AF277 /* SpotifySessionManager.m in Sources */ = {isa = PBXBuildFile; fileRef = 04785C8B2886198F001AF277 /* SpotifySessionManager.m */; };
		049304A528762A58006AA9A3 /* SpotifyiOS.framework in Frameworks */ = {isa = PBXBuildFile; fileRef = 049304A428762A58006AA9A3 /* SpotifyiOS.framework */; };
		049304AB28762B12006AA9A3 /* SpotifyAPIManager.m in Sources */ = {isa = PBXBuildFile; fileRef = 049304AA28762B12006AA9A3 /* SpotifyAPIManager.m */; };
		049304B92877CB0B006AA9A3 /* Keys.plist in Resources */ = {isa = PBXBuildFile; fileRef = 049304B82877CB0B006AA9A3 /* Keys.plist */; };
		049304CB287C8A04006AA9A3 /* LoginViewController.m in Sources */ = {isa = PBXBuildFile; fileRef = 049304CA287C8A04006AA9A3 /* LoginViewController.m */; };
		04DF2F42288872C600FD28E4 /* VoteManager.m in Sources */ = {isa = PBXBuildFile; fileRef = 04DF2F41288872C600FD28E4 /* VoteManager.m */; };
		04DF2F4B288A1A5A00FD28E4 /* ParseQueryManager.m in Sources */ = {isa = PBXBuildFile; fileRef = 04DF2F4A288A1A5A00FD28E4 /* ParseQueryManager.m */; };
		04DF2F4E288B064000FD28E4 /* ParseObjectManager.m in Sources */ = {isa = PBXBuildFile; fileRef = 04DF2F4D288B064000FD28E4 /* ParseObjectManager.m */; };
		2A8C38DE55CFE15D8D15AD07 /* Pods_Soundroom.framework in Frameworks */ = {isa = PBXBuildFile; fileRef = D03DCE9A1C7558DDDF0ED670 /* Pods_Soundroom.framework */; };
/* End PBXBuildFile section */

/* Begin PBXContainerItemProxy section */
		0417B5812874B762001D6B04 /* PBXContainerItemProxy */ = {
			isa = PBXContainerItemProxy;
			containerPortal = 0417B55D2874B75F001D6B04 /* Project object */;
			proxyType = 1;
			remoteGlobalIDString = 0417B5642874B75F001D6B04;
			remoteInfo = Soundroom;
		};
		0417B58B2874B762001D6B04 /* PBXContainerItemProxy */ = {
			isa = PBXContainerItemProxy;
			containerPortal = 0417B55D2874B75F001D6B04 /* Project object */;
			proxyType = 1;
			remoteGlobalIDString = 0417B5642874B75F001D6B04;
			remoteInfo = Soundroom;
		};
/* End PBXContainerItemProxy section */

/* Begin PBXFileReference section */
		0417B5652874B75F001D6B04 /* Soundroom.app */ = {isa = PBXFileReference; explicitFileType = wrapper.application; includeInIndex = 0; path = Soundroom.app; sourceTree = BUILT_PRODUCTS_DIR; };
		0417B5682874B75F001D6B04 /* AppDelegate.h */ = {isa = PBXFileReference; lastKnownFileType = sourcecode.c.h; path = AppDelegate.h; sourceTree = "<group>"; };
		0417B5692874B75F001D6B04 /* AppDelegate.m */ = {isa = PBXFileReference; lastKnownFileType = sourcecode.c.objc; path = AppDelegate.m; sourceTree = "<group>"; };
		0417B56B2874B75F001D6B04 /* SceneDelegate.h */ = {isa = PBXFileReference; lastKnownFileType = sourcecode.c.h; path = SceneDelegate.h; sourceTree = "<group>"; };
		0417B56C2874B75F001D6B04 /* SceneDelegate.m */ = {isa = PBXFileReference; lastKnownFileType = sourcecode.c.objc; path = SceneDelegate.m; sourceTree = "<group>"; };
		0417B5722874B75F001D6B04 /* Base */ = {isa = PBXFileReference; lastKnownFileType = file.storyboard; name = Base; path = Base.lproj/Main.storyboard; sourceTree = "<group>"; };
		0417B5742874B761001D6B04 /* Assets.xcassets */ = {isa = PBXFileReference; lastKnownFileType = folder.assetcatalog; path = Assets.xcassets; sourceTree = "<group>"; };
		0417B5772874B761001D6B04 /* Base */ = {isa = PBXFileReference; lastKnownFileType = file.storyboard; name = Base; path = Base.lproj/LaunchScreen.storyboard; sourceTree = "<group>"; };
		0417B5792874B761001D6B04 /* Info.plist */ = {isa = PBXFileReference; lastKnownFileType = text.plist.xml; path = Info.plist; sourceTree = "<group>"; };
		0417B57A2874B761001D6B04 /* main.m */ = {isa = PBXFileReference; lastKnownFileType = sourcecode.c.objc; path = main.m; sourceTree = "<group>"; };
		0417B5802874B762001D6B04 /* SoundroomTests.xctest */ = {isa = PBXFileReference; explicitFileType = wrapper.cfbundle; includeInIndex = 0; path = SoundroomTests.xctest; sourceTree = BUILT_PRODUCTS_DIR; };
		0417B5842874B762001D6B04 /* SoundroomTests.m */ = {isa = PBXFileReference; lastKnownFileType = sourcecode.c.objc; path = SoundroomTests.m; sourceTree = "<group>"; };
		0417B58A2874B762001D6B04 /* SoundroomUITests.xctest */ = {isa = PBXFileReference; explicitFileType = wrapper.cfbundle; includeInIndex = 0; path = SoundroomUITests.xctest; sourceTree = BUILT_PRODUCTS_DIR; };
		0417B58E2874B762001D6B04 /* SoundroomUITests.m */ = {isa = PBXFileReference; lastKnownFileType = sourcecode.c.objc; path = SoundroomUITests.m; sourceTree = "<group>"; };
		0417B5902874B762001D6B04 /* SoundroomUITestsLaunchTests.m */ = {isa = PBXFileReference; lastKnownFileType = sourcecode.c.objc; path = SoundroomUITestsLaunchTests.m; sourceTree = "<group>"; };
		0417B5A32874CED2001D6B04 /* ProfileViewController.h */ = {isa = PBXFileReference; lastKnownFileType = sourcecode.c.h; path = ProfileViewController.h; sourceTree = "<group>"; };
		0417B5A42874CED2001D6B04 /* ProfileViewController.m */ = {isa = PBXFileReference; lastKnownFileType = sourcecode.c.objc; path = ProfileViewController.m; sourceTree = "<group>"; };
		0417B5A92874D394001D6B04 /* SearchViewController.h */ = {isa = PBXFileReference; lastKnownFileType = sourcecode.c.h; path = SearchViewController.h; sourceTree = "<group>"; };
		0417B5AA2874D394001D6B04 /* SearchViewController.m */ = {isa = PBXFileReference; lastKnownFileType = sourcecode.c.objc; path = SearchViewController.m; sourceTree = "<group>"; };
		0417B5AF2874E0B6001D6B04 /* RoomViewController.h */ = {isa = PBXFileReference; lastKnownFileType = sourcecode.c.h; path = RoomViewController.h; sourceTree = "<group>"; };
		0417B5B02874E0B6001D6B04 /* RoomViewController.m */ = {isa = PBXFileReference; lastKnownFileType = sourcecode.c.objc; path = RoomViewController.m; sourceTree = "<group>"; };
		0417B5B52874E377001D6B04 /* Song.h */ = {isa = PBXFileReference; lastKnownFileType = sourcecode.c.h; path = Song.h; sourceTree = "<group>"; };
		0417B5B62874E377001D6B04 /* Song.m */ = {isa = PBXFileReference; lastKnownFileType = sourcecode.c.objc; path = Song.m; sourceTree = "<group>"; };
		0417B5C12874E4D7001D6B04 /* Room.h */ = {isa = PBXFileReference; lastKnownFileType = sourcecode.c.h; path = Room.h; sourceTree = "<group>"; };
		0417B5C22874E4D7001D6B04 /* Room.m */ = {isa = PBXFileReference; lastKnownFileType = sourcecode.c.objc; path = Room.m; sourceTree = "<group>"; };
		0417B5C42874F5D6001D6B04 /* SongCell.h */ = {isa = PBXFileReference; lastKnownFileType = sourcecode.c.h; path = SongCell.h; sourceTree = "<group>"; };
		0417B5C52874F5D6001D6B04 /* SongCell.m */ = {isa = PBXFileReference; lastKnownFileType = sourcecode.c.objc; path = SongCell.m; sourceTree = "<group>"; };
		0417B5C72874F5F2001D6B04 /* RoomCell.h */ = {isa = PBXFileReference; lastKnownFileType = sourcecode.c.h; path = RoomCell.h; sourceTree = "<group>"; };
		0417B5C82874F5F2001D6B04 /* RoomCell.m */ = {isa = PBXFileReference; lastKnownFileType = sourcecode.c.objc; path = RoomCell.m; sourceTree = "<group>"; };
		0417B5CA2874F6E6001D6B04 /* QueueSong.h */ = {isa = PBXFileReference; lastKnownFileType = sourcecode.c.h; path = QueueSong.h; sourceTree = "<group>"; };
		0417B5CB2874F6E6001D6B04 /* QueueSong.m */ = {isa = PBXFileReference; lastKnownFileType = sourcecode.c.objc; path = QueueSong.m; sourceTree = "<group>"; };
		0422998C287D2FA70086612E /* LobbyViewController.h */ = {isa = PBXFileReference; lastKnownFileType = sourcecode.c.h; path = LobbyViewController.h; sourceTree = "<group>"; };
		0422998D287D2FA70086612E /* LobbyViewController.m */ = {isa = PBXFileReference; lastKnownFileType = sourcecode.c.objc; path = LobbyViewController.m; sourceTree = "<group>"; };
		0422998F287D2FAF0086612E /* ConfigureViewController.h */ = {isa = PBXFileReference; lastKnownFileType = sourcecode.c.h; path = ConfigureViewController.h; sourceTree = "<group>"; };
		04229990287D2FAF0086612E /* ConfigureViewController.m */ = {isa = PBXFileReference; lastKnownFileType = sourcecode.c.objc; path = ConfigureViewController.m; sourceTree = "<group>"; };
		04229995287DDB5C0086612E /* ParseUserManager.h */ = {isa = PBXFileReference; lastKnownFileType = sourcecode.c.h; path = ParseUserManager.h; sourceTree = "<group>"; };
		04229996287DDB5C0086612E /* ParseUserManager.m */ = {isa = PBXFileReference; lastKnownFileType = sourcecode.c.objc; path = ParseUserManager.m; sourceTree = "<group>"; };
		04229998287DE1270086612E /* RoomManager.h */ = {isa = PBXFileReference; lastKnownFileType = sourcecode.c.h; path = RoomManager.h; sourceTree = "<group>"; };
		04229999287DE1270086612E /* RoomManager.m */ = {isa = PBXFileReference; lastKnownFileType = sourcecode.c.objc; path = RoomManager.m; sourceTree = "<group>"; };
		042299A9287E86630086612E /* ConfigureView.h */ = {isa = PBXFileReference; lastKnownFileType = sourcecode.c.h; path = ConfigureView.h; sourceTree = "<group>"; };
		042299AA287E86630086612E /* ConfigureView.m */ = {isa = PBXFileReference; lastKnownFileType = sourcecode.c.objc; path = ConfigureView.m; sourceTree = "<group>"; };
		042299BB288092C40086612E /* RoomNavigationController.h */ = {isa = PBXFileReference; lastKnownFileType = sourcecode.c.h; path = RoomNavigationController.h; sourceTree = "<group>"; };
		042299BC288092C40086612E /* RoomNavigationController.m */ = {isa = PBXFileReference; lastKnownFileType = sourcecode.c.objc; path = RoomNavigationController.m; sourceTree = "<group>"; };
		042D626B28876A81005DE8E7 /* Vote.h */ = {isa = PBXFileReference; lastKnownFileType = sourcecode.c.h; path = Vote.h; sourceTree = "<group>"; };
		042D626C28876A81005DE8E7 /* Vote.m */ = {isa = PBXFileReference; lastKnownFileType = sourcecode.c.objc; path = Vote.m; sourceTree = "<group>"; };
		042D627128876ACC005DE8E7 /* Invitation.h */ = {isa = PBXFileReference; lastKnownFileType = sourcecode.c.h; path = Invitation.h; sourceTree = "<group>"; };
		042D627228876ACC005DE8E7 /* Invitation.m */ = {isa = PBXFileReference; lastKnownFileType = sourcecode.c.objc; path = Invitation.m; sourceTree = "<group>"; };
		042D6277288797D3005DE8E7 /* QueueManager.h */ = {isa = PBXFileReference; lastKnownFileType = sourcecode.c.h; path = QueueManager.h; sourceTree = "<group>"; };
		042D6278288797D3005DE8E7 /* QueueManager.m */ = {isa = PBXFileReference; lastKnownFileType = sourcecode.c.objc; path = QueueManager.m; sourceTree = "<group>"; };
		04785C7E28813094001AF277 /* AccountView.h */ = {isa = PBXFileReference; lastKnownFileType = sourcecode.c.h; path = AccountView.h; sourceTree = "<group>"; };
		04785C7F28813094001AF277 /* AccountView.m */ = {isa = PBXFileReference; lastKnownFileType = sourcecode.c.objc; path = AccountView.m; sourceTree = "<group>"; };
		04785C8A2886198F001AF277 /* SpotifySessionManager.h */ = {isa = PBXFileReference; lastKnownFileType = sourcecode.c.h; path = SpotifySessionManager.h; sourceTree = "<group>"; };
		04785C8B2886198F001AF277 /* SpotifySessionManager.m */ = {isa = PBXFileReference; lastKnownFileType = sourcecode.c.objc; path = SpotifySessionManager.m; sourceTree = "<group>"; };
		049304A428762A58006AA9A3 /* SpotifyiOS.framework */ = {isa = PBXFileReference; lastKnownFileType = wrapper.framework; path = SpotifyiOS.framework; sourceTree = "<group>"; };
		049304A928762B12006AA9A3 /* SpotifyAPIManager.h */ = {isa = PBXFileReference; lastKnownFileType = sourcecode.c.h; path = SpotifyAPIManager.h; sourceTree = "<group>"; };
		049304AA28762B12006AA9A3 /* SpotifyAPIManager.m */ = {isa = PBXFileReference; lastKnownFileType = sourcecode.c.objc; path = SpotifyAPIManager.m; sourceTree = "<group>"; };
		049304B82877CB0B006AA9A3 /* Keys.plist */ = {isa = PBXFileReference; lastKnownFileType = text.plist.xml; path = Keys.plist; sourceTree = "<group>"; };
		049304C9287C8A04006AA9A3 /* LoginViewController.h */ = {isa = PBXFileReference; lastKnownFileType = sourcecode.c.h; path = LoginViewController.h; sourceTree = "<group>"; };
		049304CA287C8A04006AA9A3 /* LoginViewController.m */ = {isa = PBXFileReference; lastKnownFileType = sourcecode.c.objc; path = LoginViewController.m; sourceTree = "<group>"; };
		04DF2F40288872C600FD28E4 /* VoteManager.h */ = {isa = PBXFileReference; lastKnownFileType = sourcecode.c.h; path = VoteManager.h; sourceTree = "<group>"; };
		04DF2F41288872C600FD28E4 /* VoteManager.m */ = {isa = PBXFileReference; lastKnownFileType = sourcecode.c.objc; path = VoteManager.m; sourceTree = "<group>"; };
		04DF2F49288A1A5900FD28E4 /* ParseQueryManager.h */ = {isa = PBXFileReference; lastKnownFileType = sourcecode.c.h; path = ParseQueryManager.h; sourceTree = "<group>"; };
		04DF2F4A288A1A5A00FD28E4 /* ParseQueryManager.m */ = {isa = PBXFileReference; lastKnownFileType = sourcecode.c.objc; path = ParseQueryManager.m; sourceTree = "<group>"; };
		04DF2F4C288B064000FD28E4 /* ParseObjectManager.h */ = {isa = PBXFileReference; lastKnownFileType = sourcecode.c.h; path = ParseObjectManager.h; sourceTree = "<group>"; };
		04DF2F4D288B064000FD28E4 /* ParseObjectManager.m */ = {isa = PBXFileReference; lastKnownFileType = sourcecode.c.objc; path = ParseObjectManager.m; sourceTree = "<group>"; };
		05BA8035371BF12C93686B44 /* Pods-SoundroomTests.debug.xcconfig */ = {isa = PBXFileReference; includeInIndex = 1; lastKnownFileType = text.xcconfig; name = "Pods-SoundroomTests.debug.xcconfig"; path = "Target Support Files/Pods-SoundroomTests/Pods-SoundroomTests.debug.xcconfig"; sourceTree = "<group>"; };
		5AC9246B9074C30C2C8BD3E1 /* Pods-Soundroom.release.xcconfig */ = {isa = PBXFileReference; includeInIndex = 1; lastKnownFileType = text.xcconfig; name = "Pods-Soundroom.release.xcconfig"; path = "Target Support Files/Pods-Soundroom/Pods-Soundroom.release.xcconfig"; sourceTree = "<group>"; };
		6746B66977F4F2E15378B150 /* Pods-Soundroom-SoundroomUITests.debug.xcconfig */ = {isa = PBXFileReference; includeInIndex = 1; lastKnownFileType = text.xcconfig; name = "Pods-Soundroom-SoundroomUITests.debug.xcconfig"; path = "Target Support Files/Pods-Soundroom-SoundroomUITests/Pods-Soundroom-SoundroomUITests.debug.xcconfig"; sourceTree = "<group>"; };
		7F7B2491B84C18FC2505113B /* Pods-Soundroom.debug.xcconfig */ = {isa = PBXFileReference; includeInIndex = 1; lastKnownFileType = text.xcconfig; name = "Pods-Soundroom.debug.xcconfig"; path = "Target Support Files/Pods-Soundroom/Pods-Soundroom.debug.xcconfig"; sourceTree = "<group>"; };
		CDAD3879A60A9B38F5CDC353 /* Pods-Soundroom-SoundroomUITests.release.xcconfig */ = {isa = PBXFileReference; includeInIndex = 1; lastKnownFileType = text.xcconfig; name = "Pods-Soundroom-SoundroomUITests.release.xcconfig"; path = "Target Support Files/Pods-Soundroom-SoundroomUITests/Pods-Soundroom-SoundroomUITests.release.xcconfig"; sourceTree = "<group>"; };
		D03DCE9A1C7558DDDF0ED670 /* Pods_Soundroom.framework */ = {isa = PBXFileReference; explicitFileType = wrapper.framework; includeInIndex = 0; path = Pods_Soundroom.framework; sourceTree = BUILT_PRODUCTS_DIR; };
		EABA6F28FBB451AB560D8AF8 /* Pods-SoundroomTests.release.xcconfig */ = {isa = PBXFileReference; includeInIndex = 1; lastKnownFileType = text.xcconfig; name = "Pods-SoundroomTests.release.xcconfig"; path = "Target Support Files/Pods-SoundroomTests/Pods-SoundroomTests.release.xcconfig"; sourceTree = "<group>"; };
/* End PBXFileReference section */

/* Begin PBXFrameworksBuildPhase section */
		0417B5622874B75F001D6B04 /* Frameworks */ = {
			isa = PBXFrameworksBuildPhase;
			buildActionMask = 2147483647;
			files = (
				049304A528762A58006AA9A3 /* SpotifyiOS.framework in Frameworks */,
				2A8C38DE55CFE15D8D15AD07 /* Pods_Soundroom.framework in Frameworks */,
			);
			runOnlyForDeploymentPostprocessing = 0;
		};
		0417B57D2874B762001D6B04 /* Frameworks */ = {
			isa = PBXFrameworksBuildPhase;
			buildActionMask = 2147483647;
			files = (
			);
			runOnlyForDeploymentPostprocessing = 0;
		};
		0417B5872874B762001D6B04 /* Frameworks */ = {
			isa = PBXFrameworksBuildPhase;
			buildActionMask = 2147483647;
			files = (
			);
			runOnlyForDeploymentPostprocessing = 0;
		};
/* End PBXFrameworksBuildPhase section */

/* Begin PBXGroup section */
		0417B55C2874B75F001D6B04 = {
			isa = PBXGroup;
			children = (
				0417B5672874B75F001D6B04 /* Soundroom */,
				0417B5832874B762001D6B04 /* SoundroomTests */,
				0417B58D2874B762001D6B04 /* SoundroomUITests */,
				0417B5662874B75F001D6B04 /* Products */,
				A0CB11D43C3108DE9C7376C1 /* Pods */,
				9FFFBC745A92601850297CB2 /* Frameworks */,
			);
			sourceTree = "<group>";
		};
		0417B5662874B75F001D6B04 /* Products */ = {
			isa = PBXGroup;
			children = (
				0417B5652874B75F001D6B04 /* Soundroom.app */,
				0417B5802874B762001D6B04 /* SoundroomTests.xctest */,
				0417B58A2874B762001D6B04 /* SoundroomUITests.xctest */,
			);
			name = Products;
			sourceTree = "<group>";
		};
		0417B5672874B75F001D6B04 /* Soundroom */ = {
			isa = PBXGroup;
			children = (
				049304A828762ADF006AA9A3 /* Handlers */,
				0417B5A22874B94B001D6B04 /* ViewControllers */,
				0417B5A12874B942001D6B04 /* Views */,
				0417B5A02874B937001D6B04 /* Models */,
				0417B59D2874B78F001D6B04 /* Storyboards */,
				049304A628762AA9006AA9A3 /* Resources */,
				0417B57A2874B761001D6B04 /* main.m */,
				0417B5792874B761001D6B04 /* Info.plist */,
			);
			path = Soundroom;
			sourceTree = "<group>";
		};
		0417B5832874B762001D6B04 /* SoundroomTests */ = {
			isa = PBXGroup;
			children = (
				0417B5842874B762001D6B04 /* SoundroomTests.m */,
			);
			path = SoundroomTests;
			sourceTree = "<group>";
		};
		0417B58D2874B762001D6B04 /* SoundroomUITests */ = {
			isa = PBXGroup;
			children = (
				0417B58E2874B762001D6B04 /* SoundroomUITests.m */,
				0417B5902874B762001D6B04 /* SoundroomUITestsLaunchTests.m */,
			);
			path = SoundroomUITests;
			sourceTree = "<group>";
		};
		0417B59D2874B78F001D6B04 /* Storyboards */ = {
			isa = PBXGroup;
			children = (
				0417B5712874B75F001D6B04 /* Main.storyboard */,
				0417B5762874B761001D6B04 /* LaunchScreen.storyboard */,
			);
			path = Storyboards;
			sourceTree = "<group>";
		};
		0417B5A02874B937001D6B04 /* Models */ = {
			isa = PBXGroup;
			children = (
				042D626A288769D7005DE8E7 /* Parse */,
				0417B5B52874E377001D6B04 /* Song.h */,
				0417B5B62874E377001D6B04 /* Song.m */,
			);
			path = Models;
			sourceTree = "<group>";
		};
		0417B5A12874B942001D6B04 /* Views */ = {
			isa = PBXGroup;
			children = (
				0417B5C42874F5D6001D6B04 /* SongCell.h */,
				0417B5C52874F5D6001D6B04 /* SongCell.m */,
				0417B5C72874F5F2001D6B04 /* RoomCell.h */,
				0417B5C82874F5F2001D6B04 /* RoomCell.m */,
				042299A9287E86630086612E /* ConfigureView.h */,
				042299AA287E86630086612E /* ConfigureView.m */,
				04785C7E28813094001AF277 /* AccountView.h */,
				04785C7F28813094001AF277 /* AccountView.m */,
			);
			path = Views;
			sourceTree = "<group>";
		};
		0417B5A22874B94B001D6B04 /* ViewControllers */ = {
			isa = PBXGroup;
			children = (
				042299A5287E7DB50086612E /* Room */,
				042299A8287E7E3B0086612E /* Search */,
				042299A4287E7DA20086612E /* Profile */,
			);
			path = ViewControllers;
			sourceTree = "<group>";
		};
		042299A4287E7DA20086612E /* Profile */ = {
			isa = PBXGroup;
			children = (
				049304C9287C8A04006AA9A3 /* LoginViewController.h */,
				049304CA287C8A04006AA9A3 /* LoginViewController.m */,
				0417B5A32874CED2001D6B04 /* ProfileViewController.h */,
				0417B5A42874CED2001D6B04 /* ProfileViewController.m */,
			);
			path = Profile;
			sourceTree = "<group>";
		};
		042299A5287E7DB50086612E /* Room */ = {
			isa = PBXGroup;
			children = (
				042299BB288092C40086612E /* RoomNavigationController.h */,
				042299BC288092C40086612E /* RoomNavigationController.m */,
				0422998C287D2FA70086612E /* LobbyViewController.h */,
				0422998D287D2FA70086612E /* LobbyViewController.m */,
				0422998F287D2FAF0086612E /* ConfigureViewController.h */,
				04229990287D2FAF0086612E /* ConfigureViewController.m */,
				0417B5AF2874E0B6001D6B04 /* RoomViewController.h */,
				0417B5B02874E0B6001D6B04 /* RoomViewController.m */,
			);
			path = Room;
			sourceTree = "<group>";
		};
		042299A6287E7E100086612E /* Spotify */ = {
			isa = PBXGroup;
			children = (
				049304A928762B12006AA9A3 /* SpotifyAPIManager.h */,
				049304AA28762B12006AA9A3 /* SpotifyAPIManager.m */,
				04785C8A2886198F001AF277 /* SpotifySessionManager.h */,
				04785C8B2886198F001AF277 /* SpotifySessionManager.m */,
			);
			path = Spotify;
			sourceTree = "<group>";
		};
		042299A7287E7E170086612E /* Parse */ = {
			isa = PBXGroup;
			children = (
				04229995287DDB5C0086612E /* ParseUserManager.h */,
				04229996287DDB5C0086612E /* ParseUserManager.m */,
				04229998287DE1270086612E /* RoomManager.h */,
				04229999287DE1270086612E /* RoomManager.m */,
				042D6277288797D3005DE8E7 /* QueueManager.h */,
				042D6278288797D3005DE8E7 /* QueueManager.m */,
				04DF2F40288872C600FD28E4 /* VoteManager.h */,
				04DF2F41288872C600FD28E4 /* VoteManager.m */,
				04DF2F49288A1A5900FD28E4 /* ParseQueryManager.h */,
				04DF2F4A288A1A5A00FD28E4 /* ParseQueryManager.m */,
				04DF2F4C288B064000FD28E4 /* ParseObjectManager.h */,
				04DF2F4D288B064000FD28E4 /* ParseObjectManager.m */,
			);
			path = Parse;
			sourceTree = "<group>";
		};
		042299A8287E7E3B0086612E /* Search */ = {
			isa = PBXGroup;
			children = (
				0417B5A92874D394001D6B04 /* SearchViewController.h */,
				0417B5AA2874D394001D6B04 /* SearchViewController.m */,
			);
			path = Search;
			sourceTree = "<group>";
		};
		042D626A288769D7005DE8E7 /* Parse */ = {
			isa = PBXGroup;
			children = (
				0417B5C12874E4D7001D6B04 /* Room.h */,
				0417B5C22874E4D7001D6B04 /* Room.m */,
				0417B5CA2874F6E6001D6B04 /* QueueSong.h */,
				0417B5CB2874F6E6001D6B04 /* QueueSong.m */,
				042D626B28876A81005DE8E7 /* Vote.h */,
				042D626C28876A81005DE8E7 /* Vote.m */,
				042D627128876ACC005DE8E7 /* Invitation.h */,
				042D627228876ACC005DE8E7 /* Invitation.m */,
			);
			path = Parse;
			sourceTree = "<group>";
		};
		049304A628762AA9006AA9A3 /* Resources */ = {
			isa = PBXGroup;
			children = (
				0417B56B2874B75F001D6B04 /* SceneDelegate.h */,
				0417B56C2874B75F001D6B04 /* SceneDelegate.m */,
				0417B5682874B75F001D6B04 /* AppDelegate.h */,
				0417B5692874B75F001D6B04 /* AppDelegate.m */,
				0417B5742874B761001D6B04 /* Assets.xcassets */,
				049304B82877CB0B006AA9A3 /* Keys.plist */,
			);
			path = Resources;
			sourceTree = "<group>";
		};
		049304A828762ADF006AA9A3 /* Handlers */ = {
			isa = PBXGroup;
			children = (
				042299A6287E7E100086612E /* Spotify */,
				042299A7287E7E170086612E /* Parse */,
			);
			path = Handlers;
			sourceTree = "<group>";
		};
		9FFFBC745A92601850297CB2 /* Frameworks */ = {
			isa = PBXGroup;
			children = (
				049304A428762A58006AA9A3 /* SpotifyiOS.framework */,
				D03DCE9A1C7558DDDF0ED670 /* Pods_Soundroom.framework */,
			);
			name = Frameworks;
			sourceTree = "<group>";
		};
		A0CB11D43C3108DE9C7376C1 /* Pods */ = {
			isa = PBXGroup;
			children = (
				7F7B2491B84C18FC2505113B /* Pods-Soundroom.debug.xcconfig */,
				5AC9246B9074C30C2C8BD3E1 /* Pods-Soundroom.release.xcconfig */,
				6746B66977F4F2E15378B150 /* Pods-Soundroom-SoundroomUITests.debug.xcconfig */,
				CDAD3879A60A9B38F5CDC353 /* Pods-Soundroom-SoundroomUITests.release.xcconfig */,
				05BA8035371BF12C93686B44 /* Pods-SoundroomTests.debug.xcconfig */,
				EABA6F28FBB451AB560D8AF8 /* Pods-SoundroomTests.release.xcconfig */,
			);
			path = Pods;
			sourceTree = "<group>";
		};
/* End PBXGroup section */

/* Begin PBXNativeTarget section */
		0417B5642874B75F001D6B04 /* Soundroom */ = {
			isa = PBXNativeTarget;
			buildConfigurationList = 0417B5942874B762001D6B04 /* Build configuration list for PBXNativeTarget "Soundroom" */;
			buildPhases = (
				54A18FE00BBDAA03191FBD63 /* [CP] Check Pods Manifest.lock */,
				0417B5612874B75F001D6B04 /* Sources */,
				0417B5622874B75F001D6B04 /* Frameworks */,
				0417B5632874B75F001D6B04 /* Resources */,
				E0D4AF85DF2E54E56193A77F /* [CP] Embed Pods Frameworks */,
			);
			buildRules = (
			);
			dependencies = (
			);
			name = Soundroom;
			productName = Soundroom;
			productReference = 0417B5652874B75F001D6B04 /* Soundroom.app */;
			productType = "com.apple.product-type.application";
		};
		0417B57F2874B762001D6B04 /* SoundroomTests */ = {
			isa = PBXNativeTarget;
			buildConfigurationList = 0417B5972874B762001D6B04 /* Build configuration list for PBXNativeTarget "SoundroomTests" */;
			buildPhases = (
				353A3DDE72FF4173BB1F3076 /* [CP] Check Pods Manifest.lock */,
				0417B57C2874B762001D6B04 /* Sources */,
				0417B57D2874B762001D6B04 /* Frameworks */,
				0417B57E2874B762001D6B04 /* Resources */,
			);
			buildRules = (
			);
			dependencies = (
				0417B5822874B762001D6B04 /* PBXTargetDependency */,
			);
			name = SoundroomTests;
			productName = SoundroomTests;
			productReference = 0417B5802874B762001D6B04 /* SoundroomTests.xctest */;
			productType = "com.apple.product-type.bundle.unit-test";
		};
		0417B5892874B762001D6B04 /* SoundroomUITests */ = {
			isa = PBXNativeTarget;
			buildConfigurationList = 0417B59A2874B762001D6B04 /* Build configuration list for PBXNativeTarget "SoundroomUITests" */;
			buildPhases = (
				28096DD1024BD65CBE204C9A /* [CP] Check Pods Manifest.lock */,
				0417B5862874B762001D6B04 /* Sources */,
				0417B5872874B762001D6B04 /* Frameworks */,
				0417B5882874B762001D6B04 /* Resources */,
				7840C4D6AE066CD643AAB2F5 /* [CP] Embed Pods Frameworks */,
			);
			buildRules = (
			);
			dependencies = (
				0417B58C2874B762001D6B04 /* PBXTargetDependency */,
			);
			name = SoundroomUITests;
			productName = SoundroomUITests;
			productReference = 0417B58A2874B762001D6B04 /* SoundroomUITests.xctest */;
			productType = "com.apple.product-type.bundle.ui-testing";
		};
/* End PBXNativeTarget section */

/* Begin PBXProject section */
		0417B55D2874B75F001D6B04 /* Project object */ = {
			isa = PBXProject;
			attributes = {
				BuildIndependentTargetsInParallel = 1;
				LastUpgradeCheck = 1340;
				TargetAttributes = {
					0417B5642874B75F001D6B04 = {
						CreatedOnToolsVersion = 13.4.1;
					};
					0417B57F2874B762001D6B04 = {
						CreatedOnToolsVersion = 13.4.1;
						TestTargetID = 0417B5642874B75F001D6B04;
					};
					0417B5892874B762001D6B04 = {
						CreatedOnToolsVersion = 13.4.1;
						TestTargetID = 0417B5642874B75F001D6B04;
					};
				};
			};
			buildConfigurationList = 0417B5602874B75F001D6B04 /* Build configuration list for PBXProject "Soundroom" */;
			compatibilityVersion = "Xcode 13.0";
			developmentRegion = en;
			hasScannedForEncodings = 0;
			knownRegions = (
				en,
				Base,
			);
			mainGroup = 0417B55C2874B75F001D6B04;
			productRefGroup = 0417B5662874B75F001D6B04 /* Products */;
			projectDirPath = "";
			projectRoot = "";
			targets = (
				0417B5642874B75F001D6B04 /* Soundroom */,
				0417B57F2874B762001D6B04 /* SoundroomTests */,
				0417B5892874B762001D6B04 /* SoundroomUITests */,
			);
		};
/* End PBXProject section */

/* Begin PBXResourcesBuildPhase section */
		0417B5632874B75F001D6B04 /* Resources */ = {
			isa = PBXResourcesBuildPhase;
			buildActionMask = 2147483647;
			files = (
				0417B5782874B761001D6B04 /* LaunchScreen.storyboard in Resources */,
				049304B92877CB0B006AA9A3 /* Keys.plist in Resources */,
				0417B5752874B761001D6B04 /* Assets.xcassets in Resources */,
				0417B5732874B75F001D6B04 /* Main.storyboard in Resources */,
			);
			runOnlyForDeploymentPostprocessing = 0;
		};
		0417B57E2874B762001D6B04 /* Resources */ = {
			isa = PBXResourcesBuildPhase;
			buildActionMask = 2147483647;
			files = (
			);
			runOnlyForDeploymentPostprocessing = 0;
		};
		0417B5882874B762001D6B04 /* Resources */ = {
			isa = PBXResourcesBuildPhase;
			buildActionMask = 2147483647;
			files = (
			);
			runOnlyForDeploymentPostprocessing = 0;
		};
/* End PBXResourcesBuildPhase section */

/* Begin PBXShellScriptBuildPhase section */
		28096DD1024BD65CBE204C9A /* [CP] Check Pods Manifest.lock */ = {
			isa = PBXShellScriptBuildPhase;
			buildActionMask = 2147483647;
			files = (
			);
			inputFileListPaths = (
			);
			inputPaths = (
				"${PODS_PODFILE_DIR_PATH}/Podfile.lock",
				"${PODS_ROOT}/Manifest.lock",
			);
			name = "[CP] Check Pods Manifest.lock";
			outputFileListPaths = (
			);
			outputPaths = (
				"$(DERIVED_FILE_DIR)/Pods-Soundroom-SoundroomUITests-checkManifestLockResult.txt",
			);
			runOnlyForDeploymentPostprocessing = 0;
			shellPath = /bin/sh;
			shellScript = "diff \"${PODS_PODFILE_DIR_PATH}/Podfile.lock\" \"${PODS_ROOT}/Manifest.lock\" > /dev/null\nif [ $? != 0 ] ; then\n    # print error to STDERR\n    echo \"error: The sandbox is not in sync with the Podfile.lock. Run 'pod install' or update your CocoaPods installation.\" >&2\n    exit 1\nfi\n# This output is used by Xcode 'outputs' to avoid re-running this script phase.\necho \"SUCCESS\" > \"${SCRIPT_OUTPUT_FILE_0}\"\n";
			showEnvVarsInLog = 0;
		};
		353A3DDE72FF4173BB1F3076 /* [CP] Check Pods Manifest.lock */ = {
			isa = PBXShellScriptBuildPhase;
			buildActionMask = 2147483647;
			files = (
			);
			inputFileListPaths = (
			);
			inputPaths = (
				"${PODS_PODFILE_DIR_PATH}/Podfile.lock",
				"${PODS_ROOT}/Manifest.lock",
			);
			name = "[CP] Check Pods Manifest.lock";
			outputFileListPaths = (
			);
			outputPaths = (
				"$(DERIVED_FILE_DIR)/Pods-SoundroomTests-checkManifestLockResult.txt",
			);
			runOnlyForDeploymentPostprocessing = 0;
			shellPath = /bin/sh;
			shellScript = "diff \"${PODS_PODFILE_DIR_PATH}/Podfile.lock\" \"${PODS_ROOT}/Manifest.lock\" > /dev/null\nif [ $? != 0 ] ; then\n    # print error to STDERR\n    echo \"error: The sandbox is not in sync with the Podfile.lock. Run 'pod install' or update your CocoaPods installation.\" >&2\n    exit 1\nfi\n# This output is used by Xcode 'outputs' to avoid re-running this script phase.\necho \"SUCCESS\" > \"${SCRIPT_OUTPUT_FILE_0}\"\n";
			showEnvVarsInLog = 0;
		};
		54A18FE00BBDAA03191FBD63 /* [CP] Check Pods Manifest.lock */ = {
			isa = PBXShellScriptBuildPhase;
			buildActionMask = 2147483647;
			files = (
			);
			inputFileListPaths = (
			);
			inputPaths = (
				"${PODS_PODFILE_DIR_PATH}/Podfile.lock",
				"${PODS_ROOT}/Manifest.lock",
			);
			name = "[CP] Check Pods Manifest.lock";
			outputFileListPaths = (
			);
			outputPaths = (
				"$(DERIVED_FILE_DIR)/Pods-Soundroom-checkManifestLockResult.txt",
			);
			runOnlyForDeploymentPostprocessing = 0;
			shellPath = /bin/sh;
			shellScript = "diff \"${PODS_PODFILE_DIR_PATH}/Podfile.lock\" \"${PODS_ROOT}/Manifest.lock\" > /dev/null\nif [ $? != 0 ] ; then\n    # print error to STDERR\n    echo \"error: The sandbox is not in sync with the Podfile.lock. Run 'pod install' or update your CocoaPods installation.\" >&2\n    exit 1\nfi\n# This output is used by Xcode 'outputs' to avoid re-running this script phase.\necho \"SUCCESS\" > \"${SCRIPT_OUTPUT_FILE_0}\"\n";
			showEnvVarsInLog = 0;
		};
		7840C4D6AE066CD643AAB2F5 /* [CP] Embed Pods Frameworks */ = {
			isa = PBXShellScriptBuildPhase;
			buildActionMask = 2147483647;
			files = (
			);
			inputFileListPaths = (
				"${PODS_ROOT}/Target Support Files/Pods-Soundroom-SoundroomUITests/Pods-Soundroom-SoundroomUITests-frameworks-${CONFIGURATION}-input-files.xcfilelist",
			);
			name = "[CP] Embed Pods Frameworks";
			outputFileListPaths = (
				"${PODS_ROOT}/Target Support Files/Pods-Soundroom-SoundroomUITests/Pods-Soundroom-SoundroomUITests-frameworks-${CONFIGURATION}-output-files.xcfilelist",
			);
			runOnlyForDeploymentPostprocessing = 0;
			shellPath = /bin/sh;
			shellScript = "\"${PODS_ROOT}/Target Support Files/Pods-Soundroom-SoundroomUITests/Pods-Soundroom-SoundroomUITests-frameworks.sh\"\n";
			showEnvVarsInLog = 0;
		};
		E0D4AF85DF2E54E56193A77F /* [CP] Embed Pods Frameworks */ = {
			isa = PBXShellScriptBuildPhase;
			buildActionMask = 2147483647;
			files = (
			);
			inputFileListPaths = (
				"${PODS_ROOT}/Target Support Files/Pods-Soundroom/Pods-Soundroom-frameworks-${CONFIGURATION}-input-files.xcfilelist",
			);
			name = "[CP] Embed Pods Frameworks";
			outputFileListPaths = (
				"${PODS_ROOT}/Target Support Files/Pods-Soundroom/Pods-Soundroom-frameworks-${CONFIGURATION}-output-files.xcfilelist",
			);
			runOnlyForDeploymentPostprocessing = 0;
			shellPath = /bin/sh;
			shellScript = "\"${PODS_ROOT}/Target Support Files/Pods-Soundroom/Pods-Soundroom-frameworks.sh\"\n";
			showEnvVarsInLog = 0;
		};
/* End PBXShellScriptBuildPhase section */

/* Begin PBXSourcesBuildPhase section */
		0417B5612874B75F001D6B04 /* Sources */ = {
			isa = PBXSourcesBuildPhase;
			buildActionMask = 2147483647;
			files = (
				042D627328876ACC005DE8E7 /* Invitation.m in Sources */,
				0417B5C32874E4D7001D6B04 /* Room.m in Sources */,
				0417B5B72874E377001D6B04 /* Song.m in Sources */,
				0417B56A2874B75F001D6B04 /* AppDelegate.m in Sources */,
				049304AB28762B12006AA9A3 /* SpotifyAPIManager.m in Sources */,
				04DF2F42288872C600FD28E4 /* VoteManager.m in Sources */,
				04785C8C2886198F001AF277 /* SpotifySessionManager.m in Sources */,
				0417B57B2874B761001D6B04 /* main.m in Sources */,
				0417B5B12874E0B6001D6B04 /* RoomViewController.m in Sources */,
				049304CB287C8A04006AA9A3 /* LoginViewController.m in Sources */,
				04DF2F4B288A1A5A00FD28E4 /* ParseQueryManager.m in Sources */,
				04785C8028813094001AF277 /* AccountView.m in Sources */,
				0422998E287D2FA70086612E /* LobbyViewController.m in Sources */,
				0417B5A52874CED2001D6B04 /* ProfileViewController.m in Sources */,
				0417B5C62874F5D6001D6B04 /* SongCell.m in Sources */,
				04DF2F4E288B064000FD28E4 /* ParseObjectManager.m in Sources */,
				0422999A287DE1270086612E /* RoomManager.m in Sources */,
				0417B5AB2874D394001D6B04 /* SearchViewController.m in Sources */,
				042299AB287E86630086612E /* ConfigureView.m in Sources */,
				0417B5C92874F5F2001D6B04 /* RoomCell.m in Sources */,
				042D6279288797D3005DE8E7 /* QueueManager.m in Sources */,
				04229997287DDB5C0086612E /* ParseUserManager.m in Sources */,
				042299BD288092C40086612E /* RoomNavigationController.m in Sources */,
				0417B5CC2874F6E6001D6B04 /* QueueSong.m in Sources */,
				042D626D28876A81005DE8E7 /* Vote.m in Sources */,
				0417B56D2874B75F001D6B04 /* SceneDelegate.m in Sources */,
				04229991287D2FAF0086612E /* ConfigureViewController.m in Sources */,
			);
			runOnlyForDeploymentPostprocessing = 0;
		};
		0417B57C2874B762001D6B04 /* Sources */ = {
			isa = PBXSourcesBuildPhase;
			buildActionMask = 2147483647;
			files = (
				0417B5852874B762001D6B04 /* SoundroomTests.m in Sources */,
			);
			runOnlyForDeploymentPostprocessing = 0;
		};
		0417B5862874B762001D6B04 /* Sources */ = {
			isa = PBXSourcesBuildPhase;
			buildActionMask = 2147483647;
			files = (
				0417B58F2874B762001D6B04 /* SoundroomUITests.m in Sources */,
				0417B5912874B762001D6B04 /* SoundroomUITestsLaunchTests.m in Sources */,
			);
			runOnlyForDeploymentPostprocessing = 0;
		};
/* End PBXSourcesBuildPhase section */

/* Begin PBXTargetDependency section */
		0417B5822874B762001D6B04 /* PBXTargetDependency */ = {
			isa = PBXTargetDependency;
			target = 0417B5642874B75F001D6B04 /* Soundroom */;
			targetProxy = 0417B5812874B762001D6B04 /* PBXContainerItemProxy */;
		};
		0417B58C2874B762001D6B04 /* PBXTargetDependency */ = {
			isa = PBXTargetDependency;
			target = 0417B5642874B75F001D6B04 /* Soundroom */;
			targetProxy = 0417B58B2874B762001D6B04 /* PBXContainerItemProxy */;
		};
/* End PBXTargetDependency section */

/* Begin PBXVariantGroup section */
		0417B5712874B75F001D6B04 /* Main.storyboard */ = {
			isa = PBXVariantGroup;
			children = (
				0417B5722874B75F001D6B04 /* Base */,
			);
			name = Main.storyboard;
			sourceTree = "<group>";
		};
		0417B5762874B761001D6B04 /* LaunchScreen.storyboard */ = {
			isa = PBXVariantGroup;
			children = (
				0417B5772874B761001D6B04 /* Base */,
			);
			name = LaunchScreen.storyboard;
			sourceTree = "<group>";
		};
/* End PBXVariantGroup section */

/* Begin XCBuildConfiguration section */
		0417B5922874B762001D6B04 /* Debug */ = {
			isa = XCBuildConfiguration;
			buildSettings = {
				ALWAYS_SEARCH_USER_PATHS = NO;
				CLANG_ANALYZER_NONNULL = YES;
				CLANG_ANALYZER_NUMBER_OBJECT_CONVERSION = YES_AGGRESSIVE;
				CLANG_CXX_LANGUAGE_STANDARD = "gnu++17";
				CLANG_ENABLE_MODULES = YES;
				CLANG_ENABLE_OBJC_ARC = YES;
				CLANG_ENABLE_OBJC_WEAK = YES;
				CLANG_WARN_BLOCK_CAPTURE_AUTORELEASING = YES;
				CLANG_WARN_BOOL_CONVERSION = YES;
				CLANG_WARN_COMMA = YES;
				CLANG_WARN_CONSTANT_CONVERSION = YES;
				CLANG_WARN_DEPRECATED_OBJC_IMPLEMENTATIONS = YES;
				CLANG_WARN_DIRECT_OBJC_ISA_USAGE = YES_ERROR;
				CLANG_WARN_DOCUMENTATION_COMMENTS = YES;
				CLANG_WARN_EMPTY_BODY = YES;
				CLANG_WARN_ENUM_CONVERSION = YES;
				CLANG_WARN_INFINITE_RECURSION = YES;
				CLANG_WARN_INT_CONVERSION = YES;
				CLANG_WARN_NON_LITERAL_NULL_CONVERSION = YES;
				CLANG_WARN_OBJC_IMPLICIT_RETAIN_SELF = YES;
				CLANG_WARN_OBJC_LITERAL_CONVERSION = YES;
				CLANG_WARN_OBJC_ROOT_CLASS = YES_ERROR;
				CLANG_WARN_QUOTED_INCLUDE_IN_FRAMEWORK_HEADER = YES;
				CLANG_WARN_RANGE_LOOP_ANALYSIS = YES;
				CLANG_WARN_STRICT_PROTOTYPES = YES;
				CLANG_WARN_SUSPICIOUS_MOVE = YES;
				CLANG_WARN_UNGUARDED_AVAILABILITY = YES_AGGRESSIVE;
				CLANG_WARN_UNREACHABLE_CODE = YES;
				CLANG_WARN__DUPLICATE_METHOD_MATCH = YES;
				COPY_PHASE_STRIP = NO;
				DEBUG_INFORMATION_FORMAT = dwarf;
				ENABLE_STRICT_OBJC_MSGSEND = YES;
				ENABLE_TESTABILITY = YES;
				GCC_C_LANGUAGE_STANDARD = gnu11;
				GCC_DYNAMIC_NO_PIC = NO;
				GCC_NO_COMMON_BLOCKS = YES;
				GCC_OPTIMIZATION_LEVEL = 0;
				GCC_PREPROCESSOR_DEFINITIONS = (
					"DEBUG=1",
					"$(inherited)",
				);
				GCC_WARN_64_TO_32_BIT_CONVERSION = YES;
				GCC_WARN_ABOUT_RETURN_TYPE = YES_ERROR;
				GCC_WARN_UNDECLARED_SELECTOR = YES;
				GCC_WARN_UNINITIALIZED_AUTOS = YES_AGGRESSIVE;
				GCC_WARN_UNUSED_FUNCTION = YES;
				GCC_WARN_UNUSED_VARIABLE = YES;
				IPHONEOS_DEPLOYMENT_TARGET = 15.5;
				MTL_ENABLE_DEBUG_INFO = INCLUDE_SOURCE;
				MTL_FAST_MATH = YES;
				ONLY_ACTIVE_ARCH = YES;
				SDKROOT = iphoneos;
			};
			name = Debug;
		};
		0417B5932874B762001D6B04 /* Release */ = {
			isa = XCBuildConfiguration;
			buildSettings = {
				ALWAYS_SEARCH_USER_PATHS = NO;
				CLANG_ANALYZER_NONNULL = YES;
				CLANG_ANALYZER_NUMBER_OBJECT_CONVERSION = YES_AGGRESSIVE;
				CLANG_CXX_LANGUAGE_STANDARD = "gnu++17";
				CLANG_ENABLE_MODULES = YES;
				CLANG_ENABLE_OBJC_ARC = YES;
				CLANG_ENABLE_OBJC_WEAK = YES;
				CLANG_WARN_BLOCK_CAPTURE_AUTORELEASING = YES;
				CLANG_WARN_BOOL_CONVERSION = YES;
				CLANG_WARN_COMMA = YES;
				CLANG_WARN_CONSTANT_CONVERSION = YES;
				CLANG_WARN_DEPRECATED_OBJC_IMPLEMENTATIONS = YES;
				CLANG_WARN_DIRECT_OBJC_ISA_USAGE = YES_ERROR;
				CLANG_WARN_DOCUMENTATION_COMMENTS = YES;
				CLANG_WARN_EMPTY_BODY = YES;
				CLANG_WARN_ENUM_CONVERSION = YES;
				CLANG_WARN_INFINITE_RECURSION = YES;
				CLANG_WARN_INT_CONVERSION = YES;
				CLANG_WARN_NON_LITERAL_NULL_CONVERSION = YES;
				CLANG_WARN_OBJC_IMPLICIT_RETAIN_SELF = YES;
				CLANG_WARN_OBJC_LITERAL_CONVERSION = YES;
				CLANG_WARN_OBJC_ROOT_CLASS = YES_ERROR;
				CLANG_WARN_QUOTED_INCLUDE_IN_FRAMEWORK_HEADER = YES;
				CLANG_WARN_RANGE_LOOP_ANALYSIS = YES;
				CLANG_WARN_STRICT_PROTOTYPES = YES;
				CLANG_WARN_SUSPICIOUS_MOVE = YES;
				CLANG_WARN_UNGUARDED_AVAILABILITY = YES_AGGRESSIVE;
				CLANG_WARN_UNREACHABLE_CODE = YES;
				CLANG_WARN__DUPLICATE_METHOD_MATCH = YES;
				COPY_PHASE_STRIP = NO;
				DEBUG_INFORMATION_FORMAT = "dwarf-with-dsym";
				ENABLE_NS_ASSERTIONS = NO;
				ENABLE_STRICT_OBJC_MSGSEND = YES;
				GCC_C_LANGUAGE_STANDARD = gnu11;
				GCC_NO_COMMON_BLOCKS = YES;
				GCC_WARN_64_TO_32_BIT_CONVERSION = YES;
				GCC_WARN_ABOUT_RETURN_TYPE = YES_ERROR;
				GCC_WARN_UNDECLARED_SELECTOR = YES;
				GCC_WARN_UNINITIALIZED_AUTOS = YES_AGGRESSIVE;
				GCC_WARN_UNUSED_FUNCTION = YES;
				GCC_WARN_UNUSED_VARIABLE = YES;
				IPHONEOS_DEPLOYMENT_TARGET = 15.5;
				MTL_ENABLE_DEBUG_INFO = NO;
				MTL_FAST_MATH = YES;
				SDKROOT = iphoneos;
				VALIDATE_PRODUCT = YES;
			};
			name = Release;
		};
		0417B5952874B762001D6B04 /* Debug */ = {
			isa = XCBuildConfiguration;
			baseConfigurationReference = 7F7B2491B84C18FC2505113B /* Pods-Soundroom.debug.xcconfig */;
			buildSettings = {
				ASSETCATALOG_COMPILER_APPICON_NAME = AppIcon;
				ASSETCATALOG_COMPILER_GLOBAL_ACCENT_COLOR_NAME = AccentColor;
				CODE_SIGN_STYLE = Automatic;
				CURRENT_PROJECT_VERSION = 1;
				DEVELOPMENT_TEAM = 85WMB29R8U;
				EXCLUDED_ARCHS = "";
				FRAMEWORK_SEARCH_PATHS = (
					"$(inherited)",
					"$(PROJECT_DIR)",
				);
				GENERATE_INFOPLIST_FILE = YES;
				INFOPLIST_FILE = Soundroom/Info.plist;
				INFOPLIST_KEY_UIApplicationSupportsIndirectInputEvents = YES;
				INFOPLIST_KEY_UILaunchStoryboardName = LaunchScreen;
				INFOPLIST_KEY_UIMainStoryboardFile = Main;
				INFOPLIST_KEY_UISupportedInterfaceOrientations_iPad = "UIInterfaceOrientationPortrait UIInterfaceOrientationPortraitUpsideDown UIInterfaceOrientationLandscapeLeft UIInterfaceOrientationLandscapeRight";
				INFOPLIST_KEY_UISupportedInterfaceOrientations_iPhone = "UIInterfaceOrientationPortrait UIInterfaceOrientationLandscapeLeft UIInterfaceOrientationLandscapeRight";
				LD_RUNPATH_SEARCH_PATHS = (
					"$(inherited)",
					"@executable_path/Frameworks",
				);
				MARKETING_VERSION = 1.0;
				PRODUCT_BUNDLE_IDENTIFIER = com.metauniversity.Soundroom;
				PRODUCT_NAME = "$(TARGET_NAME)";
				SWIFT_EMIT_LOC_STRINGS = YES;
				TARGETED_DEVICE_FAMILY = "1,2";
			};
			name = Debug;
		};
		0417B5962874B762001D6B04 /* Release */ = {
			isa = XCBuildConfiguration;
			baseConfigurationReference = 5AC9246B9074C30C2C8BD3E1 /* Pods-Soundroom.release.xcconfig */;
			buildSettings = {
				ASSETCATALOG_COMPILER_APPICON_NAME = AppIcon;
				ASSETCATALOG_COMPILER_GLOBAL_ACCENT_COLOR_NAME = AccentColor;
				CODE_SIGN_STYLE = Automatic;
				CURRENT_PROJECT_VERSION = 1;
				DEVELOPMENT_TEAM = 85WMB29R8U;
				EXCLUDED_ARCHS = "";
				FRAMEWORK_SEARCH_PATHS = (
					"$(inherited)",
					"$(PROJECT_DIR)",
				);
				GENERATE_INFOPLIST_FILE = YES;
				INFOPLIST_FILE = Soundroom/Info.plist;
				INFOPLIST_KEY_UIApplicationSupportsIndirectInputEvents = YES;
				INFOPLIST_KEY_UILaunchStoryboardName = LaunchScreen;
				INFOPLIST_KEY_UIMainStoryboardFile = Main;
				INFOPLIST_KEY_UISupportedInterfaceOrientations_iPad = "UIInterfaceOrientationPortrait UIInterfaceOrientationPortraitUpsideDown UIInterfaceOrientationLandscapeLeft UIInterfaceOrientationLandscapeRight";
				INFOPLIST_KEY_UISupportedInterfaceOrientations_iPhone = "UIInterfaceOrientationPortrait UIInterfaceOrientationLandscapeLeft UIInterfaceOrientationLandscapeRight";
				LD_RUNPATH_SEARCH_PATHS = (
					"$(inherited)",
					"@executable_path/Frameworks",
				);
				MARKETING_VERSION = 1.0;
				PRODUCT_BUNDLE_IDENTIFIER = com.metauniversity.Soundroom;
				PRODUCT_NAME = "$(TARGET_NAME)";
				SWIFT_EMIT_LOC_STRINGS = YES;
				TARGETED_DEVICE_FAMILY = "1,2";
			};
			name = Release;
		};
		0417B5982874B762001D6B04 /* Debug */ = {
			isa = XCBuildConfiguration;
			baseConfigurationReference = 05BA8035371BF12C93686B44 /* Pods-SoundroomTests.debug.xcconfig */;
			buildSettings = {
				BUNDLE_LOADER = "$(TEST_HOST)";
				CODE_SIGN_STYLE = Automatic;
				CURRENT_PROJECT_VERSION = 1;
				DEVELOPMENT_TEAM = 85WMB29R8U;
				GENERATE_INFOPLIST_FILE = YES;
				IPHONEOS_DEPLOYMENT_TARGET = 15.5;
				MARKETING_VERSION = 1.0;
				PRODUCT_BUNDLE_IDENTIFIER = com.metauniversity.SoundroomTests;
				PRODUCT_NAME = "$(TARGET_NAME)";
				SWIFT_EMIT_LOC_STRINGS = NO;
				TARGETED_DEVICE_FAMILY = "1,2";
				TEST_HOST = "$(BUILT_PRODUCTS_DIR)/Soundroom.app/Soundroom";
			};
			name = Debug;
		};
		0417B5992874B762001D6B04 /* Release */ = {
			isa = XCBuildConfiguration;
			baseConfigurationReference = EABA6F28FBB451AB560D8AF8 /* Pods-SoundroomTests.release.xcconfig */;
			buildSettings = {
				BUNDLE_LOADER = "$(TEST_HOST)";
				CODE_SIGN_STYLE = Automatic;
				CURRENT_PROJECT_VERSION = 1;
				DEVELOPMENT_TEAM = 85WMB29R8U;
				GENERATE_INFOPLIST_FILE = YES;
				IPHONEOS_DEPLOYMENT_TARGET = 15.5;
				MARKETING_VERSION = 1.0;
				PRODUCT_BUNDLE_IDENTIFIER = com.metauniversity.SoundroomTests;
				PRODUCT_NAME = "$(TARGET_NAME)";
				SWIFT_EMIT_LOC_STRINGS = NO;
				TARGETED_DEVICE_FAMILY = "1,2";
				TEST_HOST = "$(BUILT_PRODUCTS_DIR)/Soundroom.app/Soundroom";
			};
			name = Release;
		};
		0417B59B2874B762001D6B04 /* Debug */ = {
			isa = XCBuildConfiguration;
			baseConfigurationReference = 6746B66977F4F2E15378B150 /* Pods-Soundroom-SoundroomUITests.debug.xcconfig */;
			buildSettings = {
				CODE_SIGN_STYLE = Automatic;
				CURRENT_PROJECT_VERSION = 1;
				DEVELOPMENT_TEAM = 85WMB29R8U;
				GENERATE_INFOPLIST_FILE = YES;
				MARKETING_VERSION = 1.0;
				PRODUCT_BUNDLE_IDENTIFIER = com.metauniversity.SoundroomUITests;
				PRODUCT_NAME = "$(TARGET_NAME)";
				SWIFT_EMIT_LOC_STRINGS = NO;
				TARGETED_DEVICE_FAMILY = "1,2";
				TEST_TARGET_NAME = Soundroom;
			};
			name = Debug;
		};
		0417B59C2874B762001D6B04 /* Release */ = {
			isa = XCBuildConfiguration;
			baseConfigurationReference = CDAD3879A60A9B38F5CDC353 /* Pods-Soundroom-SoundroomUITests.release.xcconfig */;
			buildSettings = {
				CODE_SIGN_STYLE = Automatic;
				CURRENT_PROJECT_VERSION = 1;
				DEVELOPMENT_TEAM = 85WMB29R8U;
				GENERATE_INFOPLIST_FILE = YES;
				MARKETING_VERSION = 1.0;
				PRODUCT_BUNDLE_IDENTIFIER = com.metauniversity.SoundroomUITests;
				PRODUCT_NAME = "$(TARGET_NAME)";
				SWIFT_EMIT_LOC_STRINGS = NO;
				TARGETED_DEVICE_FAMILY = "1,2";
				TEST_TARGET_NAME = Soundroom;
			};
			name = Release;
		};
/* End XCBuildConfiguration section */

/* Begin XCConfigurationList section */
		0417B5602874B75F001D6B04 /* Build configuration list for PBXProject "Soundroom" */ = {
			isa = XCConfigurationList;
			buildConfigurations = (
				0417B5922874B762001D6B04 /* Debug */,
				0417B5932874B762001D6B04 /* Release */,
			);
			defaultConfigurationIsVisible = 0;
			defaultConfigurationName = Release;
		};
		0417B5942874B762001D6B04 /* Build configuration list for PBXNativeTarget "Soundroom" */ = {
			isa = XCConfigurationList;
			buildConfigurations = (
				0417B5952874B762001D6B04 /* Debug */,
				0417B5962874B762001D6B04 /* Release */,
			);
			defaultConfigurationIsVisible = 0;
			defaultConfigurationName = Release;
		};
		0417B5972874B762001D6B04 /* Build configuration list for PBXNativeTarget "SoundroomTests" */ = {
			isa = XCConfigurationList;
			buildConfigurations = (
				0417B5982874B762001D6B04 /* Debug */,
				0417B5992874B762001D6B04 /* Release */,
			);
			defaultConfigurationIsVisible = 0;
			defaultConfigurationName = Release;
		};
		0417B59A2874B762001D6B04 /* Build configuration list for PBXNativeTarget "SoundroomUITests" */ = {
			isa = XCConfigurationList;
			buildConfigurations = (
				0417B59B2874B762001D6B04 /* Debug */,
				0417B59C2874B762001D6B04 /* Release */,
			);
			defaultConfigurationIsVisible = 0;
			defaultConfigurationName = Release;
		};
/* End XCConfigurationList section */
	};
	rootObject = 0417B55D2874B75F001D6B04 /* Project object */;
}
